
Microsoft Visual Studio Solution File, Format Version 12.00
# Visual Studio Version 16
VisualStudioVersion = 16.0.31129.286
MinimumVisualStudioVersion = 10.0.40219.1
Project("{FAE04EC0-301F-11D3-BF4B-00C04F79EFBC}") = "Lab10.2", "Lab10.2\Lab10.2.csproj", "{D27D4718-9C50-418D-A062-4EC405F45CAE}"
EndProject
Global
	GlobalSection(SolutionConfigurationPlatforms) = preSolution
		Debug|Any CPU = Debug|Any CPU
		Release|Any CPU = Release|Any CPU
	EndGlobalSection
	GlobalSection(ProjectConfigurationPlatforms) = postSolution
		{D27D4718-9C50-418D-A062-4EC405F45CAE}.Debug|Any CPU.ActiveCfg = Debug|Any CPU
		{D27D4718-9C50-418D-A062-4EC405F45CAE}.Debug|Any CPU.Build.0 = Debug|Any CPU
		{D27D4718-9C50-418D-A062-4EC405F45CAE}.Release|Any CPU.ActiveCfg = Release|Any CPU
		{D27D4718-9C50-418D-A062-4EC405F45CAE}.Release|Any CPU.Build.0 = Release|Any CPU
	EndGlobalSection
	GlobalSection(SolutionProperties) = preSolution
		HideSolutionNode = FALSE
	EndGlobalSection
	GlobalSection(ExtensibilityGlobals) = postSolution
		SolutionGuid = {077047A9-7462-46D7-A11F-762292C02AE0}
	EndGlobalSection
EndGlobal
