
Microsoft Visual Studio Solution File, Format Version 12.00
# Visual Studio Version 16
VisualStudioVersion = 16.0.31129.286
MinimumVisualStudioVersion = 10.0.40219.1
Project("{FAE04EC0-301F-11D3-BF4B-00C04F79EFBC}") = "_18form", "_18form\_18form.csproj", "{FE98315D-73F5-4460-BB94-4AFC1D361074}"
EndProject
Global
	GlobalSection(SolutionConfigurationPlatforms) = preSolution
		Debug|Any CPU = Debug|Any CPU
		Release|Any CPU = Release|Any CPU
	EndGlobalSection
	GlobalSection(ProjectConfigurationPlatforms) = postSolution
		{FE98315D-73F5-4460-BB94-4AFC1D361074}.Debug|Any CPU.ActiveCfg = Debug|Any CPU
		{FE98315D-73F5-4460-BB94-4AFC1D361074}.Debug|Any CPU.Build.0 = Debug|Any CPU
		{FE98315D-73F5-4460-BB94-4AFC1D361074}.Release|Any CPU.ActiveCfg = Release|Any CPU
		{FE98315D-73F5-4460-BB94-4AFC1D361074}.Release|Any CPU.Build.0 = Release|Any CPU
	EndGlobalSection
	GlobalSection(SolutionProperties) = preSolution
		HideSolutionNode = FALSE
	EndGlobalSection
	GlobalSection(ExtensibilityGlobals) = postSolution
		SolutionGuid = {912A7F9F-F730-4B95-9618-E33F788E78E6}
	EndGlobalSection
EndGlobal
