
Microsoft Visual Studio Solution File, Format Version 12.00
# Visual Studio Version 16
VisualStudioVersion = 16.0.31129.286
MinimumVisualStudioVersion = 10.0.40219.1
Project("{FAE04EC0-301F-11D3-BF4B-00C04F79EFBC}") = "Lab24.1", "Lab24.1\Lab24.1.csproj", "{60A2D20F-ECAD-4DC6-8CC4-6777B84F1B47}"
EndProject
Global
	GlobalSection(SolutionConfigurationPlatforms) = preSolution
		Debug|Any CPU = Debug|Any CPU
		Release|Any CPU = Release|Any CPU
	EndGlobalSection
	GlobalSection(ProjectConfigurationPlatforms) = postSolution
		{60A2D20F-ECAD-4DC6-8CC4-6777B84F1B47}.Debug|Any CPU.ActiveCfg = Debug|Any CPU
		{60A2D20F-ECAD-4DC6-8CC4-6777B84F1B47}.Debug|Any CPU.Build.0 = Debug|Any CPU
		{60A2D20F-ECAD-4DC6-8CC4-6777B84F1B47}.Release|Any CPU.ActiveCfg = Release|Any CPU
		{60A2D20F-ECAD-4DC6-8CC4-6777B84F1B47}.Release|Any CPU.Build.0 = Release|Any CPU
	EndGlobalSection
	GlobalSection(SolutionProperties) = preSolution
		HideSolutionNode = FALSE
	EndGlobalSection
	GlobalSection(ExtensibilityGlobals) = postSolution
		SolutionGuid = {1E6C57EB-54A8-473F-9FD9-86BA4AB3C6F6}
	EndGlobalSection
EndGlobal
